
Microsoft Visual Studio Solution File, Format Version 12.00
# Visual Studio Version 16
VisualStudioVersion = 16.0.31229.75
MinimumVisualStudioVersion = 10.0.40219.1
Project("{9A19103F-16F7-4668-BE54-9A1E7A4F7556}") = "composite_decorator_messagestore", "SOLID_read_write\composite_decorator_messagestore.csproj", "{2245016E-4865-45FF-B94F-AAAD7084039E}"
EndProject
Global
	GlobalSection(SolutionConfigurationPlatforms) = preSolution
		Debug|Any CPU = Debug|Any CPU
		Release|Any CPU = Release|Any CPU
	EndGlobalSection
	GlobalSection(ProjectConfigurationPlatforms) = postSolution
		{2245016E-4865-45FF-B94F-AAAD7084039E}.Debug|Any CPU.ActiveCfg = Debug|Any CPU
		{2245016E-4865-45FF-B94F-AAAD7084039E}.Debug|Any CPU.Build.0 = Debug|Any CPU
		{2245016E-4865-45FF-B94F-AAAD7084039E}.Release|Any CPU.ActiveCfg = Release|Any CPU
		{2245016E-4865-45FF-B94F-AAAD7084039E}.Release|Any CPU.Build.0 = Release|Any CPU
	EndGlobalSection
	GlobalSection(SolutionProperties) = preSolution
		HideSolutionNode = FALSE
	EndGlobalSection
	GlobalSection(ExtensibilityGlobals) = postSolution
		SolutionGuid = {E2748D6F-F060-418E-9B67-349C8A865E2F}
	EndGlobalSection
EndGlobal
